
Microsoft Visual Studio Solution File, Format Version 12.00
# Visual Studio Version 17
VisualStudioVersion = 17.0.31903.59
MinimumVisualStudioVersion = 10.0.40219.1
Project("{2150E333-8FDC-42A3-9474-1A3956D46DE8}") = "src", "src", "{1AE8ACA6-933B-BF2A-3671-3E2EAC007D16}"
EndProject
Project("{2150E333-8FDC-42A3-9474-1A3956D46DE8}") = "Core", "Core", "{E7B56692-2A07-7CC2-44BD-771EBB36F70B}"
EndProject
Project("{FAE04EC0-301F-11D3-BF4B-00C04F79EFBC}") = "AI_CRM.Domain", "src\Core\AI_CRM.Domain\AI_CRM.Domain.csproj", "{46D0572A-2D79-4839-BD8A-856D8185586B}"
EndProject
Project("{FAE04EC0-301F-11D3-BF4B-00C04F79EFBC}") = "AI_CRM.Application", "src\Core\AI_CRM.Application\AI_CRM.Application.csproj", "{1FF102C1-AD44-411F-B20B-D60DD395F4A7}"
EndProject
Project("{2150E333-8FDC-42A3-9474-1A3956D46DE8}") = "Infrastructure", "Infrastructure", "{8D1106A4-B260-37DC-E636-64C7E8341F7E}"
EndProject
Project("{FAE04EC0-301F-11D3-BF4B-00C04F79EFBC}") = "AI_CRM.Infrastructure", "src\Infrastructure\AI_CRM.Infrastructure\AI_CRM.Infrastructure.csproj", "{9B04219A-45F0-461B-86F3-B3B650CC0DB4}"
EndProject
Project("{FAE04EC0-301F-11D3-BF4B-00C04F79EFBC}") = "AI_CRM.AI", "src\Infrastructure\AI_CRM.AI\AI_CRM.AI.csproj", "{6F9B7D27-EEA3-4C98-9A8B-8640F4E413A3}"
EndProject
Project("{2150E333-8FDC-42A3-9474-1A3956D46DE8}") = "Presentation", "Presentation", "{7792BFCC-0568-27E0-28D5-DEA1EA8B4CE1}"
EndProject
Project("{FAE04EC0-301F-11D3-BF4B-00C04F79EFBC}") = "AI_CRM.WebMvc", "src\Presentation\AI_CRM.WebMvc\AI_CRM.WebMvc.csproj", "{FDC47859-96DE-498D-94B9-B58619CE7DC1}"
EndProject
Global
	GlobalSection(SolutionConfigurationPlatforms) = preSolution
		Debug|Any CPU = Debug|Any CPU
		Debug|x64 = Debug|x64
		Debug|x86 = Debug|x86
		Release|Any CPU = Release|Any CPU
		Release|x64 = Release|x64
		Release|x86 = Release|x86
	EndGlobalSection
	GlobalSection(ProjectConfigurationPlatforms) = postSolution
		{46D0572A-2D79-4839-BD8A-856D8185586B}.Debug|Any CPU.ActiveCfg = Debug|Any CPU
		{46D0572A-2D79-4839-BD8A-856D8185586B}.Debug|Any CPU.Build.0 = Debug|Any CPU
		{46D0572A-2D79-4839-BD8A-856D8185586B}.Debug|x64.ActiveCfg = Debug|Any CPU
		{46D0572A-2D79-4839-BD8A-856D8185586B}.Debug|x64.Build.0 = Debug|Any CPU
		{46D0572A-2D79-4839-BD8A-856D8185586B}.Debug|x86.ActiveCfg = Debug|Any CPU
		{46D0572A-2D79-4839-BD8A-856D8185586B}.Debug|x86.Build.0 = Debug|Any CPU
		{46D0572A-2D79-4839-BD8A-856D8185586B}.Release|Any CPU.ActiveCfg = Release|Any CPU
		{46D0572A-2D79-4839-BD8A-856D8185586B}.Release|Any CPU.Build.0 = Release|Any CPU
		{46D0572A-2D79-4839-BD8A-856D8185586B}.Release|x64.ActiveCfg = Release|Any CPU
		{46D0572A-2D79-4839-BD8A-856D8185586B}.Release|x64.Build.0 = Release|Any CPU
		{46D0572A-2D79-4839-BD8A-856D8185586B}.Release|x86.ActiveCfg = Release|Any CPU
		{46D0572A-2D79-4839-BD8A-856D8185586B}.Release|x86.Build.0 = Release|Any CPU
		{1FF102C1-AD44-411F-B20B-D60DD395F4A7}.Debug|Any CPU.ActiveCfg = Debug|Any CPU
		{1FF102C1-AD44-411F-B20B-D60DD395F4A7}.Debug|Any CPU.Build.0 = Debug|Any CPU
		{1FF102C1-AD44-411F-B20B-D60DD395F4A7}.Debug|x64.ActiveCfg = Debug|Any CPU
		{1FF102C1-AD44-411F-B20B-D60DD395F4A7}.Debug|x64.Build.0 = Debug|Any CPU
		{1FF102C1-AD44-411F-B20B-D60DD395F4A7}.Debug|x86.ActiveCfg = Debug|Any CPU
		{1FF102C1-AD44-411F-B20B-D60DD395F4A7}.Debug|x86.Build.0 = Debug|Any CPU
		{1FF102C1-AD44-411F-B20B-D60DD395F4A7}.Release|Any CPU.ActiveCfg = Release|Any CPU
		{1FF102C1-AD44-411F-B20B-D60DD395F4A7}.Release|Any CPU.Build.0 = Release|Any CPU
		{1FF102C1-AD44-411F-B20B-D60DD395F4A7}.Release|x64.ActiveCfg = Release|Any CPU
		{1FF102C1-AD44-411F-B20B-D60DD395F4A7}.Release|x64.Build.0 = Release|Any CPU
		{1FF102C1-AD44-411F-B20B-D60DD395F4A7}.Release|x86.ActiveCfg = Release|Any CPU
		{1FF102C1-AD44-411F-B20B-D60DD395F4A7}.Release|x86.Build.0 = Release|Any CPU
		{9B04219A-45F0-461B-86F3-B3B650CC0DB4}.Debug|Any CPU.ActiveCfg = Debug|Any CPU
		{9B04219A-45F0-461B-86F3-B3B650CC0DB4}.Debug|Any CPU.Build.0 = Debug|Any CPU
		{9B04219A-45F0-461B-86F3-B3B650CC0DB4}.Debug|x64.ActiveCfg = Debug|Any CPU
		{9B04219A-45F0-461B-86F3-B3B650CC0DB4}.Debug|x64.Build.0 = Debug|Any CPU
		{9B04219A-45F0-461B-86F3-B3B650CC0DB4}.Debug|x86.ActiveCfg = Debug|Any CPU
		{9B04219A-45F0-461B-86F3-B3B650CC0DB4}.Debug|x86.Build.0 = Debug|Any CPU
		{9B04219A-45F0-461B-86F3-B3B650CC0DB4}.Release|Any CPU.ActiveCfg = Release|Any CPU
		{9B04219A-45F0-461B-86F3-B3B650CC0DB4}.Release|Any CPU.Build.0 = Release|Any CPU
		{9B04219A-45F0-461B-86F3-B3B650CC0DB4}.Release|x64.ActiveCfg = Release|Any CPU
		{9B04219A-45F0-461B-86F3-B3B650CC0DB4}.Release|x64.Build.0 = Release|Any CPU
		{9B04219A-45F0-461B-86F3-B3B650CC0DB4}.Release|x86.ActiveCfg = Release|Any CPU
		{9B04219A-45F0-461B-86F3-B3B650CC0DB4}.Release|x86.Build.0 = Release|Any CPU
		{6F9B7D27-EEA3-4C98-9A8B-8640F4E413A3}.Debug|Any CPU.ActiveCfg = Debug|Any CPU
		{6F9B7D27-EEA3-4C98-9A8B-8640F4E413A3}.Debug|Any CPU.Build.0 = Debug|Any CPU
		{6F9B7D27-EEA3-4C98-9A8B-8640F4E413A3}.Debug|x64.ActiveCfg = Debug|Any CPU
		{6F9B7D27-EEA3-4C98-9A8B-8640F4E413A3}.Debug|x64.Build.0 = Debug|Any CPU
		{6F9B7D27-EEA3-4C98-9A8B-8640F4E413A3}.Debug|x86.ActiveCfg = Debug|Any CPU
		{6F9B7D27-EEA3-4C98-9A8B-8640F4E413A3}.Debug|x86.Build.0 = Debug|Any CPU
		{6F9B7D27-EEA3-4C98-9A8B-8640F4E413A3}.Release|Any CPU.ActiveCfg = Release|Any CPU
		{6F9B7D27-EEA3-4C98-9A8B-8640F4E413A3}.Release|Any CPU.Build.0 = Release|Any CPU
		{6F9B7D27-EEA3-4C98-9A8B-8640F4E413A3}.Release|x64.ActiveCfg = Release|Any CPU
		{6F9B7D27-EEA3-4C98-9A8B-8640F4E413A3}.Release|x64.Build.0 = Release|Any CPU
		{6F9B7D27-EEA3-4C98-9A8B-8640F4E413A3}.Release|x86.ActiveCfg = Release|Any CPU
		{6F9B7D27-EEA3-4C98-9A8B-8640F4E413A3}.Release|x86.Build.0 = Release|Any CPU
		{FDC47859-96DE-498D-94B9-B58619CE7DC1}.Debug|Any CPU.ActiveCfg = Debug|Any CPU
		{FDC47859-96DE-498D-94B9-B58619CE7DC1}.Debug|Any CPU.Build.0 = Debug|Any CPU
		{FDC47859-96DE-498D-94B9-B58619CE7DC1}.Debug|x64.ActiveCfg = Debug|Any CPU
		{FDC47859-96DE-498D-94B9-B58619CE7DC1}.Debug|x64.Build.0 = Debug|Any CPU
		{FDC47859-96DE-498D-94B9-B58619CE7DC1}.Debug|x86.ActiveCfg = Debug|Any CPU
		{FDC47859-96DE-498D-94B9-B58619CE7DC1}.Debug|x86.Build.0 = Debug|Any CPU
		{FDC47859-96DE-498D-94B9-B58619CE7DC1}.Release|Any CPU.ActiveCfg = Release|Any CPU
		{FDC47859-96DE-498D-94B9-B58619CE7DC1}.Release|Any CPU.Build.0 = Release|Any CPU
		{FDC47859-96DE-498D-94B9-B58619CE7DC1}.Release|x64.ActiveCfg = Release|Any CPU
		{FDC47859-96DE-498D-94B9-B58619CE7DC1}.Release|x64.Build.0 = Release|Any CPU
		{FDC47859-96DE-498D-94B9-B58619CE7DC1}.Release|x86.ActiveCfg = Release|Any CPU
		{FDC47859-96DE-498D-94B9-B58619CE7DC1}.Release|x86.Build.0 = Release|Any CPU
	EndGlobalSection
	GlobalSection(SolutionProperties) = preSolution
		HideSolutionNode = FALSE
	EndGlobalSection
	GlobalSection(NestedProjects) = preSolution
		{E7B56692-2A07-7CC2-44BD-771EBB36F70B} = {1AE8ACA6-933B-BF2A-3671-3E2EAC007D16}
		{46D0572A-2D79-4839-BD8A-856D8185586B} = {E7B56692-2A07-7CC2-44BD-771EBB36F70B}
		{1FF102C1-AD44-411F-B20B-D60DD395F4A7} = {E7B56692-2A07-7CC2-44BD-771EBB36F70B}
		{8D1106A4-B260-37DC-E636-64C7E8341F7E} = {1AE8ACA6-933B-BF2A-3671-3E2EAC007D16}
		{9B04219A-45F0-461B-86F3-B3B650CC0DB4} = {8D1106A4-B260-37DC-E636-64C7E8341F7E}
		{6F9B7D27-EEA3-4C98-9A8B-8640F4E413A3} = {8D1106A4-B260-37DC-E636-64C7E8341F7E}
		{7792BFCC-0568-27E0-28D5-DEA1EA8B4CE1} = {1AE8ACA6-933B-BF2A-3671-3E2EAC007D16}
		{FDC47859-96DE-498D-94B9-B58619CE7DC1} = {7792BFCC-0568-27E0-28D5-DEA1EA8B4CE1}
	EndGlobalSection
EndGlobal
